
Microsoft Visual Studio Solution File, Format Version 12.00
# Visual Studio 14
VisualStudioVersion = 14.0.25420.1
MinimumVisualStudioVersion = 10.0.40219.1
Project("{FAE04EC0-301F-11D3-BF4B-00C04F79EFBC}") = "WordCounter", "WordCounter\WordCounter.csproj", "{2F070CFE-02B5-4528-936D-E7B7039DF912}"
EndProject
Project("{FAE04EC0-301F-11D3-BF4B-00C04F79EFBC}") = "WordCounter.Test", "WordCounter.Test\WordCounter.Test.csproj", "{47E4E554-FC79-45DF-B997-03F96D75C53E}"
EndProject
Global
	GlobalSection(SolutionConfigurationPlatforms) = preSolution
		Debug|Any CPU = Debug|Any CPU
		Release|Any CPU = Release|Any CPU
	EndGlobalSection
	GlobalSection(ProjectConfigurationPlatforms) = postSolution
		{2F070CFE-02B5-4528-936D-E7B7039DF912}.Debug|Any CPU.ActiveCfg = Debug|Any CPU
		{2F070CFE-02B5-4528-936D-E7B7039DF912}.Debug|Any CPU.Build.0 = Debug|Any CPU
		{2F070CFE-02B5-4528-936D-E7B7039DF912}.Release|Any CPU.ActiveCfg = Release|Any CPU
		{2F070CFE-02B5-4528-936D-E7B7039DF912}.Release|Any CPU.Build.0 = Release|Any CPU
		{47E4E554-FC79-45DF-B997-03F96D75C53E}.Debug|Any CPU.ActiveCfg = Debug|Any CPU
		{47E4E554-FC79-45DF-B997-03F96D75C53E}.Debug|Any CPU.Build.0 = Debug|Any CPU
		{47E4E554-FC79-45DF-B997-03F96D75C53E}.Release|Any CPU.ActiveCfg = Release|Any CPU
		{47E4E554-FC79-45DF-B997-03F96D75C53E}.Release|Any CPU.Build.0 = Release|Any CPU
	EndGlobalSection
	GlobalSection(SolutionProperties) = preSolution
		HideSolutionNode = FALSE
	EndGlobalSection
EndGlobal
